github.com/ChizhovVadim/CounterGo v2.1.1-0.20200214072947-edcb16eb8c70+incompatible h1:Q0aw+QlHnpRas/snO7t+BJXCJYJA5RHwZY/IcNlb7zI=
github.com/ChizhovVadim/CounterGo v2.1.1-0.20200214072947-edcb16eb8c70+incompatible/go.mod h1:4Kw13UCc4nla4XlTRS8vbkdbTUaUt5dnCo1WwtxKVa4=
github.com/inliquid/go-js-dom/v2 v2.0.0-20200309155919-0cc924431dae h1:nP60AXQcKrRlSaJ8cT5+Q9x1sOzwZ4ZHu7aNxgzdZs4=
github.com/inliquid/go-js-dom/v2 v2.0.0-20200309155919-0cc924431dae/go.mod h1:H5R0jAIe6IchQE778FS2QcrNVgS4vPFb0HPb72n/IJI=
